{
    "_readme": [
        "This file locks the dependencies of your project to a known state",
        "Read more about it at https://getcomposer.org/doc/01-basic-usage.md#installing-dependencies",
        "This file is @generated automatically"
    ],
    "content-hash": "9171ba51fdced9b3e1ec73462d511ac8",
    "packages": [
        {
            "name": "aplou00/hangman",
            "version": "v1.2",
            "source": {
                "type": "git",
                "url": "https://github.com/aplou00/hangman.git",
                "reference": "64cb1255eda13578004d75a87d374608ed09b3ed"
            },
            "dist": {
                "type": "zip",
                "url": "https://api.github.com/repos/aplou00/hangman/zipball/64cb1255eda13578004d75a87d374608ed09b3ed",
                "reference": "64cb1255eda13578004d75a87d374608ed09b3ed",
                "shasum": ""
            },
            "require": {
                "wp-cli/php-cli-tools": "^0.12.0"
            },
            "bin": [
                "bin/hangman"
            ],
            "type": "project",
            "autoload": {
                "files": [
                    "src/Controller/GameController.php",
                    "src/View/GameView.php",
                    "src/Model/Game.php",
                    "src/Repository/Database.php",
                    "src/Service/GameService.php"
                ],
                "psr-4": {
                    "aplou00\\Hangman\\": "src/"
                }
            },
            "notification-url": "https://packagist.org/downloads/",
            "license": [
                "MIT"
            ],
            "authors": [
                {
                    "name": "aplou00",
                    "email": "obeme199@mail.ru"
                }
            ],
            "description": "Implementation of the game \"Hangman\"",
            "support": {
                "issues": "https://github.com/aplou00/hangman/issues",
                "source": "https://github.com/aplou00/hangman/tree/v1.2"
            },
            "time": "2024-10-26T15:15:51+00:00"
        },
        {
            "name": "wp-cli/php-cli-tools",
            "version": "v0.12.1",
            "source": {
                "type": "git",
                "url": "https://github.com/wp-cli/php-cli-tools.git",
                "reference": "d1fe500378f53fb5ae1072c0daa77095c384a082"
            },
            "dist": {
                "type": "zip",
                "url": "https://api.github.com/repos/wp-cli/php-cli-tools/zipball/d1fe500378f53fb5ae1072c0daa77095c384a082",
                "reference": "d1fe500378f53fb5ae1072c0daa77095c384a082",
                "shasum": ""
            },
            "require": {
                "php": ">= 5.6.0"
            },
            "require-dev": {
                "roave/security-advisories": "dev-latest",
                "wp-cli/wp-cli-tests": "^4"
            },
            "type": "library",
            "extra": {
                "branch-alias": {
                    "dev-master": "0.11.x-dev"
                }
            },
            "autoload": {
                "files": [
                    "lib/cli/cli.php"
                ],
                "psr-0": {
                    "cli": "lib/"
                }
            },
            "notification-url": "https://packagist.org/downloads/",
            "license": [
                "MIT"
            ],
            "authors": [
                {
                    "name": "Daniel Bachhuber",
                    "email": "daniel@handbuilt.co",
                    "role": "Maintainer"
                },
                {
                    "name": "James Logsdon",
                    "email": "jlogsdon@php.net",
                    "role": "Developer"
                }
            ],
            "description": "Console utilities for PHP",
            "homepage": "http://github.com/wp-cli/php-cli-tools",
            "keywords": [
                "cli",
                "console"
            ],
            "support": {
                "issues": "https://github.com/wp-cli/php-cli-tools/issues",
                "source": "https://github.com/wp-cli/php-cli-tools/tree/v0.12.1"
            },
            "time": "2024-10-01T11:13:49+00:00"
        }
    ],
    "packages-dev": [],
    "aliases": [],
    "minimum-stability": "stable",
    "stability-flags": [],
    "prefer-stable": false,
    "prefer-lowest": false,
    "platform": [],
    "platform-dev": [],
    "plugin-api-version": "2.6.0"
}
